PODS:
  - Nimble (9.2.1)
  - Quick (5.0.1)
  - RxBlocking (6.5.0):
    - RxSwift (= 6.5.0)
  - RxCocoa (6.5.0):
    - RxRelay (= 6.5.0)
    - RxSwift (= 6.5.0)
  - RxRelay (6.5.0):
    - RxSwift (= 6.5.0)
  - RxSwift (6.5.0)
  - RxTest (6.5.0):
    - RxSwift (= 6.5.0)
  - SDWebImage (5.13.4):
    - SDWebImage/Core (= 5.13.4)
  - SDWebImage/Core (5.13.4)
  - SwiftyMock (0.2.3):
    - SwiftyMock/Core (= 0.2.3)
  - SwiftyMock/Core (0.2.3)
  - WhimCore (0.1.0):
    - RxCocoa (~> 6)
    - RxSwift (~> 6)
    - SDWebImage (= 5.13.4)
  - WhimCore/Tests (0.1.0):
    - Nimble (= 9.2.1)
    - Quick (= 5.0.1)
    - RxBlocking (= 6.5.0)
    - RxCocoa (~> 6)
    - RxSwift (~> 6)
    - RxTest (= 6.5.0)
    - SDWebImage (= 5.13.4)
    - SwiftyMock (= 0.2.3)
    - WhimRandom
  - WhimRandom (0.1.0):
    - WhimRandom/Core (= 0.1.0)
  - WhimRandom/Core (0.1.0)

DEPENDENCIES:
  - WhimCore (from `../`)
  - WhimCore/Tests (from `../`)
  - WhimRandom (from `https://github.com/maasglobal/whim-ios-random`)

SPEC REPOS:
  trunk:
    - Nimble
    - Quick
    - RxBlocking
    - RxCocoa
    - RxRelay
    - RxSwift
    - RxTest
    - SDWebImage
    - SwiftyMock

EXTERNAL SOURCES:
  WhimCore:
    :path: "../"
  WhimRandom:
    :git: https://github.com/maasglobal/whim-ios-random

CHECKOUT OPTIONS:
  WhimRandom:
    :commit: 5a230471af43abf08758fc1a93da0e3e37c79f72
    :git: https://github.com/maasglobal/whim-ios-random

SPEC CHECKSUMS:
  Nimble: e7e615c0335ee4bf5b0d786685451e62746117d5
  Quick: 749aa754fd1e7d984f2000fe051e18a3a9809179
  RxBlocking: 04b5fd28bb5ea49f7d64b80db8bbfe50d9cc1c7d
  RxCocoa: 94f817b71c07517321eb4f9ad299112ca8af743b
  RxRelay: 1de1523e604c72b6c68feadedd1af3b1b4d0ecbd
  RxSwift: 5710a9e6b17f3c3d6e40d6e559b9fa1e813b2ef8
  RxTest: eb2d23adefc5a5ebf5779c7792fa3edfe6ebcc17
  SDWebImage: e5cc87bf736e60f49592f307bdf9e157189298a3
  SwiftyMock: 26d649bbf320ede90196b40129552ef719863043
  WhimCore: f263f2c3efe521177808e728d09196edf521ef17
  WhimRandom: 4e6f9df3fe013c2073bb446785b64dce1288f7be

PODFILE CHECKSUM: 25ce5efab2a7ad646b3d28e1ed44df4c82653a59

COCOAPODS: 1.16.2
