{
  "originHash" : "76c111f37facdb73cd07d249758473a1f12489f40cea605b50ad609cfe8db6d1",
  "pins" : [
    {
      "identity" : "geos",
      "kind" : "remoteSourceControl",
      "location" : "https://github.com/GEOSwift/geos.git",
      "state" : {
        "revision" : "4d8af495e7507f48f1ae9104102debdd2043917b",
        "version" : "9.0.0"
      }
    },
    {
      "identity" : "geoswift",
      "kind" : "remoteSourceControl",
      "location" : "https://github.com/GEOSwift/GEOSwift",
      "state" : {
        "revision" : "9ddf733b9f72799eb7651d1e0d322f2426b36a06",
        "version" : "11.2.0"
      }
    },
    {
      "identity" : "rxswift",
      "kind" : "remoteSourceControl",
      "location" : "https://github.com/ReactiveX/RxSwift.git",
      "state" : {
        "revision" : "b4307ba0b6425c0ba4178e138799946c3da594f8",
        "version" : "6.5.0"
      }
    },
    {
      "identity" : "swift-collections",
      "kind" : "remoteSourceControl",
      "location" : "https://github.com/apple/swift-collections",
      "state" : {
        "revision" : "671108c96644956dddcd89dd59c203dcdb36cec7",
        "version" : "1.1.4"
      }
    }
  ],
  "version" : 3
}
