// !$*UTF8*$!
{
	archiveVersion = 1;
	classes = {
	};
	objectVersion = 56;
	objects = {

/* Begin PBXBuildFile section */
		E8D51539290AD71100A9729F /* WhimCoreExampleApp.swift in Sources */ = {isa = PBXBuildFile; fileRef = E8D51538290AD71100A9729F /* WhimCoreExampleApp.swift */; };
		E8D5153B290AD71100A9729F /* ContentView.swift in Sources */ = {isa = PBXBuildFile; fileRef = E8D5153A290AD71100A9729F /* ContentView.swift */; };
		E8D5153D290AD71200A9729F /* Assets.xcassets in Resources */ = {isa = PBXBuildFile; fileRef = E8D5153C290AD71200A9729F /* Assets.xcassets */; };
		E8D51540290AD71200A9729F /* Preview Assets.xcassets in Resources */ = {isa = PBXBuildFile; fileRef = E8D5153F290AD71200A9729F /* Preview Assets.xcassets */; };
		E8D5154A290AD71200A9729F /* WhimCoreExampleTests.swift in Sources */ = {isa = PBXBuildFile; fileRef = E8D51549290AD71200A9729F /* WhimCoreExampleTests.swift */; };
		E8D51554290AD71200A9729F /* WhimCoreExampleUITests.swift in Sources */ = {isa = PBXBuildFile; fileRef = E8D51553290AD71200A9729F /* WhimCoreExampleUITests.swift */; };
		E8D51556290AD71200A9729F /* WhimCoreExampleUITestsLaunchTests.swift in Sources */ = {isa = PBXBuildFile; fileRef = E8D51555290AD71200A9729F /* WhimCoreExampleUITestsLaunchTests.swift */; };
/* End PBXBuildFile section */

/* Begin PBXContainerItemProxy section */
		E8D51546290AD71200A9729F /* PBXContainerItemProxy */ = {
			isa = PBXContainerItemProxy;
			containerPortal = E8D5152D290AD71100A9729F /* Project object */;
			proxyType = 1;
			remoteGlobalIDString = E8D51534290AD71100A9729F;
			remoteInfo = WhimCoreExample;
		};
		E8D51550290AD71200A9729F /* PBXContainerItemProxy */ = {
			isa = PBXContainerItemProxy;
			containerPortal = E8D5152D290AD71100A9729F /* Project object */;
			proxyType = 1;
			remoteGlobalIDString = E8D51534290AD71100A9729F;
			remoteInfo = WhimCoreExample;
		};
/* End PBXContainerItemProxy section */

/* Begin PBXFileReference section */
		E8D51535290AD71100A9729F /* WhimCoreExample.app */ = {isa = PBXFileReference; explicitFileType = wrapper.application; includeInIndex = 0; path = WhimCoreExample.app; sourceTree = BUILT_PRODUCTS_DIR; };
		E8D51538290AD71100A9729F /* WhimCoreExampleApp.swift */ = {isa = PBXFileReference; lastKnownFileType = sourcecode.swift; path = WhimCoreExampleApp.swift; sourceTree = "<group>"; };
		E8D5153A290AD71100A9729F /* ContentView.swift */ = {isa = PBXFileReference; lastKnownFileType = sourcecode.swift; path = ContentView.swift; sourceTree = "<group>"; };
		E8D5153C290AD71200A9729F /* Assets.xcassets */ = {isa = PBXFileReference; lastKnownFileType = folder.assetcatalog; path = Assets.xcassets; sourceTree = "<group>"; };
		E8D5153F290AD71200A9729F /* Preview Assets.xcassets */ = {isa = PBXFileReference; lastKnownFileType = folder.assetcatalog; path = "Preview Assets.xcassets"; sourceTree = "<group>"; };
		E8D51545290AD71200A9729F /* WhimCoreExampleTests.xctest */ = {isa = PBXFileReference; explicitFileType = wrapper.cfbundle; includeInIndex = 0; path = WhimCoreExampleTests.xctest; sourceTree = BUILT_PRODUCTS_DIR; };
		E8D51549290AD71200A9729F /* WhimCoreExampleTests.swift */ = {isa = PBXFileReference; lastKnownFileType = sourcecode.swift; path = WhimCoreExampleTests.swift; sourceTree = "<group>"; };
		E8D5154F290AD71200A9729F /* WhimCoreExampleUITests.xctest */ = {isa = PBXFileReference; explicitFileType = wrapper.cfbundle; includeInIndex = 0; path = WhimCoreExampleUITests.xctest; sourceTree = BUILT_PRODUCTS_DIR; };
		E8D51553290AD71200A9729F /* WhimCoreExampleUITests.swift */ = {isa = PBXFileReference; lastKnownFileType = sourcecode.swift; path = WhimCoreExampleUITests.swift; sourceTree = "<group>"; };
		E8D51555290AD71200A9729F /* WhimCoreExampleUITestsLaunchTests.swift */ = {isa = PBXFileReference; lastKnownFileType = sourcecode.swift; path = WhimCoreExampleUITestsLaunchTests.swift; sourceTree = "<group>"; };
/* End PBXFileReference section */

/* Begin PBXFrameworksBuildPhase section */
		E8D51532290AD71100A9729F /* Frameworks */ = {
			isa = PBXFrameworksBuildPhase;
			buildActionMask = 2147483647;
			files = (
			);
			runOnlyForDeploymentPostprocessing = 0;
		};
		E8D51542290AD71200A9729F /* Frameworks */ = {
			isa = PBXFrameworksBuildPhase;
			buildActionMask = 2147483647;
			files = (
			);
			runOnlyForDeploymentPostprocessing = 0;
		};
		E8D5154C290AD71200A9729F /* Frameworks */ = {
			isa = PBXFrameworksBuildPhase;
			buildActionMask = 2147483647;
			files = (
			);
			runOnlyForDeploymentPostprocessing = 0;
		};
/* End PBXFrameworksBuildPhase section */

/* Begin PBXGroup section */
		E8D5152C290AD71100A9729F = {
			isa = PBXGroup;
			children = (
				E8D51537290AD71100A9729F /* WhimCoreExample */,
				E8D51548290AD71200A9729F /* WhimCoreExampleTests */,
				E8D51552290AD71200A9729F /* WhimCoreExampleUITests */,
				E8D51536290AD71100A9729F /* Products */,
			);
			sourceTree = "<group>";
		};
		E8D51536290AD71100A9729F /* Products */ = {
			isa = PBXGroup;
			children = (
				E8D51535290AD71100A9729F /* WhimCoreExample.app */,
				E8D51545290AD71200A9729F /* WhimCoreExampleTests.xctest */,
				E8D5154F290AD71200A9729F /* WhimCoreExampleUITests.xctest */,
			);
			name = Products;
			sourceTree = "<group>";
		};
		E8D51537290AD71100A9729F /* WhimCoreExample */ = {
			isa = PBXGroup;
			children = (
				E8D51538290AD71100A9729F /* WhimCoreExampleApp.swift */,
				E8D5153A290AD71100A9729F /* ContentView.swift */,
				E8D5153C290AD71200A9729F /* Assets.xcassets */,
				E8D5153E290AD71200A9729F /* Preview Content */,
			);
			path = WhimCoreExample;
			sourceTree = "<group>";
		};
		E8D5153E290AD71200A9729F /* Preview Content */ = {
			isa = PBXGroup;
			children = (
				E8D5153F290AD71200A9729F /* Preview Assets.xcassets */,
			);
			path = "Preview Content";
			sourceTree = "<group>";
		};
		E8D51548290AD71200A9729F /* WhimCoreExampleTests */ = {
			isa = PBXGroup;
			children = (
				E8D51549290AD71200A9729F /* WhimCoreExampleTests.swift */,
			);
			path = WhimCoreExampleTests;
			sourceTree = "<group>";
		};
		E8D51552290AD71200A9729F /* WhimCoreExampleUITests */ = {
			isa = PBXGroup;
			children = (
				E8D51553290AD71200A9729F /* WhimCoreExampleUITests.swift */,
				E8D51555290AD71200A9729F /* WhimCoreExampleUITestsLaunchTests.swift */,
			);
			path = WhimCoreExampleUITests;
			sourceTree = "<group>";
		};
/* End PBXGroup section */

/* Begin PBXNativeTarget section */
		E8D51534290AD71100A9729F /* WhimCoreExample */ = {
			isa = PBXNativeTarget;
			buildConfigurationList = E8D51559290AD71200A9729F /* Build configuration list for PBXNativeTarget "WhimCoreExample" */;
			buildPhases = (
				E8D51531290AD71100A9729F /* Sources */,
				E8D51532290AD71100A9729F /* Frameworks */,
				E8D51533290AD71100A9729F /* Resources */,
			);
			buildRules = (
			);
			dependencies = (
			);
			name = WhimCoreExample;
			productName = WhimCoreExample;
			productReference = E8D51535290AD71100A9729F /* WhimCoreExample.app */;
			productType = "com.apple.product-type.application";
		};
		E8D51544290AD71200A9729F /* WhimCoreExampleTests */ = {
			isa = PBXNativeTarget;
			buildConfigurationList = E8D5155C290AD71200A9729F /* Build configuration list for PBXNativeTarget "WhimCoreExampleTests" */;
			buildPhases = (
				E8D51541290AD71200A9729F /* Sources */,
				E8D51542290AD71200A9729F /* Frameworks */,
				E8D51543290AD71200A9729F /* Resources */,
			);
			buildRules = (
			);
			dependencies = (
				E8D51547290AD71200A9729F /* PBXTargetDependency */,
			);
			name = WhimCoreExampleTests;
			productName = WhimCoreExampleTests;
			productReference = E8D51545290AD71200A9729F /* WhimCoreExampleTests.xctest */;
			productType = "com.apple.product-type.bundle.unit-test";
		};
		E8D5154E290AD71200A9729F /* WhimCoreExampleUITests */ = {
			isa = PBXNativeTarget;
			buildConfigurationList = E8D5155F290AD71200A9729F /* Build configuration list for PBXNativeTarget "WhimCoreExampleUITests" */;
			buildPhases = (
				E8D5154B290AD71200A9729F /* Sources */,
				E8D5154C290AD71200A9729F /* Frameworks */,
				E8D5154D290AD71200A9729F /* Resources */,
			);
			buildRules = (
			);
			dependencies = (
				E8D51551290AD71200A9729F /* PBXTargetDependency */,
			);
			name = WhimCoreExampleUITests;
			productName = WhimCoreExampleUITests;
			productReference = E8D5154F290AD71200A9729F /* WhimCoreExampleUITests.xctest */;
			productType = "com.apple.product-type.bundle.ui-testing";
		};
/* End PBXNativeTarget section */

/* Begin PBXProject section */
		E8D5152D290AD71100A9729F /* Project object */ = {
			isa = PBXProject;
			attributes = {
				BuildIndependentTargetsInParallel = 1;
				LastSwiftUpdateCheck = 1400;
				LastUpgradeCheck = 1400;
				TargetAttributes = {
					E8D51534290AD71100A9729F = {
						CreatedOnToolsVersion = 14.0.1;
					};
					E8D51544290AD71200A9729F = {
						CreatedOnToolsVersion = 14.0.1;
						TestTargetID = E8D51534290AD71100A9729F;
					};
					E8D5154E290AD71200A9729F = {
						CreatedOnToolsVersion = 14.0.1;
						TestTargetID = E8D51534290AD71100A9729F;
					};
				};
			};
			buildConfigurationList = E8D51530290AD71100A9729F /* Build configuration list for PBXProject "WhimCoreExample" */;
			compatibilityVersion = "Xcode 14.0";
			developmentRegion = en;
			hasScannedForEncodings = 0;
			knownRegions = (
				en,
				Base,
			);
			mainGroup = E8D5152C290AD71100A9729F;
			productRefGroup = E8D51536290AD71100A9729F /* Products */;
			projectDirPath = "";
			projectRoot = "";
			targets = (
				E8D51534290AD71100A9729F /* WhimCoreExample */,
				E8D51544290AD71200A9729F /* WhimCoreExampleTests */,
				E8D5154E290AD71200A9729F /* WhimCoreExampleUITests */,
			);
		};
/* End PBXProject section */

/* Begin PBXResourcesBuildPhase section */
		E8D51533290AD71100A9729F /* Resources */ = {
			isa = PBXResourcesBuildPhase;
			buildActionMask = 2147483647;
			files = (
				E8D51540290AD71200A9729F /* Preview Assets.xcassets in Resources */,
				E8D5153D290AD71200A9729F /* Assets.xcassets in Resources */,
			);
			runOnlyForDeploymentPostprocessing = 0;
		};
		E8D51543290AD71200A9729F /* Resources */ = {
			isa = PBXResourcesBuildPhase;
			buildActionMask = 2147483647;
			files = (
			);
			runOnlyForDeploymentPostprocessing = 0;
		};
		E8D5154D290AD71200A9729F /* Resources */ = {
			isa = PBXResourcesBuildPhase;
			buildActionMask = 2147483647;
			files = (
			);
			runOnlyForDeploymentPostprocessing = 0;
		};
/* End PBXResourcesBuildPhase section */

/* Begin PBXSourcesBuildPhase section */
		E8D51531290AD71100A9729F /* Sources */ = {
			isa = PBXSourcesBuildPhase;
			buildActionMask = 2147483647;
			files = (
				E8D5153B290AD71100A9729F /* ContentView.swift in Sources */,
				E8D51539290AD71100A9729F /* WhimCoreExampleApp.swift in Sources */,
			);
			runOnlyForDeploymentPostprocessing = 0;
		};
		E8D51541290AD71200A9729F /* Sources */ = {
			isa = PBXSourcesBuildPhase;
			buildActionMask = 2147483647;
			files = (
				E8D5154A290AD71200A9729F /* WhimCoreExampleTests.swift in Sources */,
			);
			runOnlyForDeploymentPostprocessing = 0;
		};
		E8D5154B290AD71200A9729F /* Sources */ = {
			isa = PBXSourcesBuildPhase;
			buildActionMask = 2147483647;
			files = (
				E8D51554290AD71200A9729F /* WhimCoreExampleUITests.swift in Sources */,
				E8D51556290AD71200A9729F /* WhimCoreExampleUITestsLaunchTests.swift in Sources */,
			);
			runOnlyForDeploymentPostprocessing = 0;
		};
/* End PBXSourcesBuildPhase section */

/* Begin PBXTargetDependency section */
		E8D51547290AD71200A9729F /* PBXTargetDependency */ = {
			isa = PBXTargetDependency;
			target = E8D51534290AD71100A9729F /* WhimCoreExample */;
			targetProxy = E8D51546290AD71200A9729F /* PBXContainerItemProxy */;
		};
		E8D51551290AD71200A9729F /* PBXTargetDependency */ = {
			isa = PBXTargetDependency;
			target = E8D51534290AD71100A9729F /* WhimCoreExample */;
			targetProxy = E8D51550290AD71200A9729F /* PBXContainerItemProxy */;
		};
/* End PBXTargetDependency section */

/* Begin XCBuildConfiguration section */
		E8D51557290AD71200A9729F /* Debug */ = {
			isa = XCBuildConfiguration;
			buildSettings = {
				ALWAYS_SEARCH_USER_PATHS = NO;
				CLANG_ANALYZER_NONNULL = YES;
				CLANG_ANALYZER_NUMBER_OBJECT_CONVERSION = YES_AGGRESSIVE;
				CLANG_CXX_LANGUAGE_STANDARD = "gnu++20";
				CLANG_ENABLE_MODULES = YES;
				CLANG_ENABLE_OBJC_ARC = YES;
				CLANG_ENABLE_OBJC_WEAK = YES;
				CLANG_WARN_BLOCK_CAPTURE_AUTORELEASING = YES;
				CLANG_WARN_BOOL_CONVERSION = YES;
				CLANG_WARN_COMMA = YES;
				CLANG_WARN_CONSTANT_CONVERSION = YES;
				CLANG_WARN_DEPRECATED_OBJC_IMPLEMENTATIONS = YES;
				CLANG_WARN_DIRECT_OBJC_ISA_USAGE = YES_ERROR;
				CLANG_WARN_DOCUMENTATION_COMMENTS = YES;
				CLANG_WARN_EMPTY_BODY = YES;
				CLANG_WARN_ENUM_CONVERSION = YES;
				CLANG_WARN_INFINITE_RECURSION = YES;
				CLANG_WARN_INT_CONVERSION = YES;
				CLANG_WARN_NON_LITERAL_NULL_CONVERSION = YES;
				CLANG_WARN_OBJC_IMPLICIT_RETAIN_SELF = YES;
				CLANG_WARN_OBJC_LITERAL_CONVERSION = YES;
				CLANG_WARN_OBJC_ROOT_CLASS = YES_ERROR;
				CLANG_WARN_QUOTED_INCLUDE_IN_FRAMEWORK_HEADER = YES;
				CLANG_WARN_RANGE_LOOP_ANALYSIS = YES;
				CLANG_WARN_STRICT_PROTOTYPES = YES;
				CLANG_WARN_SUSPICIOUS_MOVE = YES;
				CLANG_WARN_UNGUARDED_AVAILABILITY = YES_AGGRESSIVE;
				CLANG_WARN_UNREACHABLE_CODE = YES;
				CLANG_WARN__DUPLICATE_METHOD_MATCH = YES;
				COPY_PHASE_STRIP = NO;
				DEBUG_INFORMATION_FORMAT = dwarf;
				ENABLE_STRICT_OBJC_MSGSEND = YES;
				ENABLE_TESTABILITY = YES;
				GCC_C_LANGUAGE_STANDARD = gnu11;
				GCC_DYNAMIC_NO_PIC = NO;
				GCC_NO_COMMON_BLOCKS = YES;
				GCC_OPTIMIZATION_LEVEL = 0;
				GCC_PREPROCESSOR_DEFINITIONS = (
					"DEBUG=1",
					"$(inherited)",
				);
				GCC_WARN_64_TO_32_BIT_CONVERSION = YES;
				GCC_WARN_ABOUT_RETURN_TYPE = YES_ERROR;
				GCC_WARN_UNDECLARED_SELECTOR = YES;
				GCC_WARN_UNINITIALIZED_AUTOS = YES_AGGRESSIVE;
				GCC_WARN_UNUSED_FUNCTION = YES;
				GCC_WARN_UNUSED_VARIABLE = YES;
				IPHONEOS_DEPLOYMENT_TARGET = 16.0;
				MTL_ENABLE_DEBUG_INFO = INCLUDE_SOURCE;
				MTL_FAST_MATH = YES;
				ONLY_ACTIVE_ARCH = YES;
				SDKROOT = iphoneos;
				SWIFT_ACTIVE_COMPILATION_CONDITIONS = DEBUG;
				SWIFT_OPTIMIZATION_LEVEL = "-Onone";
			};
			name = Debug;
		};
		E8D51558290AD71200A9729F /* Release */ = {
			isa = XCBuildConfiguration;
			buildSettings = {
				ALWAYS_SEARCH_USER_PATHS = NO;
				CLANG_ANALYZER_NONNULL = YES;
				CLANG_ANALYZER_NUMBER_OBJECT_CONVERSION = YES_AGGRESSIVE;
				CLANG_CXX_LANGUAGE_STANDARD = "gnu++20";
				CLANG_ENABLE_MODULES = YES;
				CLANG_ENABLE_OBJC_ARC = YES;
				CLANG_ENABLE_OBJC_WEAK = YES;
				CLANG_WARN_BLOCK_CAPTURE_AUTORELEASING = YES;
				CLANG_WARN_BOOL_CONVERSION = YES;
				CLANG_WARN_COMMA = YES;
				CLANG_WARN_CONSTANT_CONVERSION = YES;
				CLANG_WARN_DEPRECATED_OBJC_IMPLEMENTATIONS = YES;
				CLANG_WARN_DIRECT_OBJC_ISA_USAGE = YES_ERROR;
				CLANG_WARN_DOCUMENTATION_COMMENTS = YES;
				CLANG_WARN_EMPTY_BODY = YES;
				CLANG_WARN_ENUM_CONVERSION = YES;
				CLANG_WARN_INFINITE_RECURSION = YES;
				CLANG_WARN_INT_CONVERSION = YES;
				CLANG_WARN_NON_LITERAL_NULL_CONVERSION = YES;
				CLANG_WARN_OBJC_IMPLICIT_RETAIN_SELF = YES;
				CLANG_WARN_OBJC_LITERAL_CONVERSION = YES;
				CLANG_WARN_OBJC_ROOT_CLASS = YES_ERROR;
				CLANG_WARN_QUOTED_INCLUDE_IN_FRAMEWORK_HEADER = YES;
				CLANG_WARN_RANGE_LOOP_ANALYSIS = YES;
				CLANG_WARN_STRICT_PROTOTYPES = YES;
				CLANG_WARN_SUSPICIOUS_MOVE = YES;
				CLANG_WARN_UNGUARDED_AVAILABILITY = YES_AGGRESSIVE;
				CLANG_WARN_UNREACHABLE_CODE = YES;
				CLANG_WARN__DUPLICATE_METHOD_MATCH = YES;
				COPY_PHASE_STRIP = NO;
				DEBUG_INFORMATION_FORMAT = "dwarf-with-dsym";
				ENABLE_NS_ASSERTIONS = NO;
				ENABLE_STRICT_OBJC_MSGSEND = YES;
				GCC_C_LANGUAGE_STANDARD = gnu11;
				GCC_NO_COMMON_BLOCKS = YES;
				GCC_WARN_64_TO_32_BIT_CONVERSION = YES;
				GCC_WARN_ABOUT_RETURN_TYPE = YES_ERROR;
				GCC_WARN_UNDECLARED_SELECTOR = YES;
				GCC_WARN_UNINITIALIZED_AUTOS = YES_AGGRESSIVE;
				GCC_WARN_UNUSED_FUNCTION = YES;
				GCC_WARN_UNUSED_VARIABLE = YES;
				IPHONEOS_DEPLOYMENT_TARGET = 16.0;
				MTL_ENABLE_DEBUG_INFO = NO;
				MTL_FAST_MATH = YES;
				SDKROOT = iphoneos;
				SWIFT_COMPILATION_MODE = wholemodule;
				SWIFT_OPTIMIZATION_LEVEL = "-O";
				VALIDATE_PRODUCT = YES;
			};
			name = Release;
		};
		E8D5155A290AD71200A9729F /* Debug */ = {
			isa = XCBuildConfiguration;
			buildSettings = {
				ASSETCATALOG_COMPILER_APPICON_NAME = AppIcon;
				ASSETCATALOG_COMPILER_GLOBAL_ACCENT_COLOR_NAME = AccentColor;
				CODE_SIGN_STYLE = Automatic;
				CURRENT_PROJECT_VERSION = 1;
				DEVELOPMENT_ASSET_PATHS = "\"WhimCoreExample/Preview Content\"";
				DEVELOPMENT_TEAM = 7UZ338E9K2;
				ENABLE_PREVIEWS = YES;
				GENERATE_INFOPLIST_FILE = YES;
				INFOPLIST_KEY_UIApplicationSceneManifest_Generation = YES;
				INFOPLIST_KEY_UIApplicationSupportsIndirectInputEvents = YES;
				INFOPLIST_KEY_UILaunchScreen_Generation = YES;
				INFOPLIST_KEY_UISupportedInterfaceOrientations_iPad = "UIInterfaceOrientationPortrait UIInterfaceOrientationPortraitUpsideDown UIInterfaceOrientationLandscapeLeft UIInterfaceOrientationLandscapeRight";
				INFOPLIST_KEY_UISupportedInterfaceOrientations_iPhone = "UIInterfaceOrientationPortrait UIInterfaceOrientationLandscapeLeft UIInterfaceOrientationLandscapeRight";
				LD_RUNPATH_SEARCH_PATHS = (
					"$(inherited)",
					"@executable_path/Frameworks",
				);
				MARKETING_VERSION = 1.0;
				PRODUCT_BUNDLE_IDENTIFIER = "maas.global.whim-ios.WhimCoreExample";
				PRODUCT_NAME = "$(TARGET_NAME)";
				SWIFT_EMIT_LOC_STRINGS = YES;
				SWIFT_VERSION = 5.0;
				TARGETED_DEVICE_FAMILY = "1,2";
			};
			name = Debug;
		};
		E8D5155B290AD71200A9729F /* Release */ = {
			isa = XCBuildConfiguration;
			buildSettings = {
				ASSETCATALOG_COMPILER_APPICON_NAME = AppIcon;
				ASSETCATALOG_COMPILER_GLOBAL_ACCENT_COLOR_NAME = AccentColor;
				CODE_SIGN_STYLE = Automatic;
				CURRENT_PROJECT_VERSION = 1;
				DEVELOPMENT_ASSET_PATHS = "\"WhimCoreExample/Preview Content\"";
				DEVELOPMENT_TEAM = 7UZ338E9K2;
				ENABLE_PREVIEWS = YES;
				GENERATE_INFOPLIST_FILE = YES;
				INFOPLIST_KEY_UIApplicationSceneManifest_Generation = YES;
				INFOPLIST_KEY_UIApplicationSupportsIndirectInputEvents = YES;
				INFOPLIST_KEY_UILaunchScreen_Generation = YES;
				INFOPLIST_KEY_UISupportedInterfaceOrientations_iPad = "UIInterfaceOrientationPortrait UIInterfaceOrientationPortraitUpsideDown UIInterfaceOrientationLandscapeLeft UIInterfaceOrientationLandscapeRight";
				INFOPLIST_KEY_UISupportedInterfaceOrientations_iPhone = "UIInterfaceOrientationPortrait UIInterfaceOrientationLandscapeLeft UIInterfaceOrientationLandscapeRight";
				LD_RUNPATH_SEARCH_PATHS = (
					"$(inherited)",
					"@executable_path/Frameworks",
				);
				MARKETING_VERSION = 1.0;
				PRODUCT_BUNDLE_IDENTIFIER = "maas.global.whim-ios.WhimCoreExample";
				PRODUCT_NAME = "$(TARGET_NAME)";
				SWIFT_EMIT_LOC_STRINGS = YES;
				SWIFT_VERSION = 5.0;
				TARGETED_DEVICE_FAMILY = "1,2";
			};
			name = Release;
		};
		E8D5155D290AD71200A9729F /* Debug */ = {
			isa = XCBuildConfiguration;
			buildSettings = {
				ALWAYS_EMBED_SWIFT_STANDARD_LIBRARIES = YES;
				BUNDLE_LOADER = "$(TEST_HOST)";
				CODE_SIGN_STYLE = Automatic;
				CURRENT_PROJECT_VERSION = 1;
				DEVELOPMENT_TEAM = 7UZ338E9K2;
				GENERATE_INFOPLIST_FILE = YES;
				IPHONEOS_DEPLOYMENT_TARGET = 16.0;
				MARKETING_VERSION = 1.0;
				PRODUCT_BUNDLE_IDENTIFIER = "maas.global.whim-ios.WhimCoreExampleTests";
				PRODUCT_NAME = "$(TARGET_NAME)";
				SWIFT_EMIT_LOC_STRINGS = NO;
				SWIFT_VERSION = 5.0;
				TARGETED_DEVICE_FAMILY = "1,2";
				TEST_HOST = "$(BUILT_PRODUCTS_DIR)/WhimCoreExample.app/$(BUNDLE_EXECUTABLE_FOLDER_PATH)/WhimCoreExample";
			};
			name = Debug;
		};
		E8D5155E290AD71200A9729F /* Release */ = {
			isa = XCBuildConfiguration;
			buildSettings = {
				ALWAYS_EMBED_SWIFT_STANDARD_LIBRARIES = YES;
				BUNDLE_LOADER = "$(TEST_HOST)";
				CODE_SIGN_STYLE = Automatic;
				CURRENT_PROJECT_VERSION = 1;
				DEVELOPMENT_TEAM = 7UZ338E9K2;
				GENERATE_INFOPLIST_FILE = YES;
				IPHONEOS_DEPLOYMENT_TARGET = 16.0;
				MARKETING_VERSION = 1.0;
				PRODUCT_BUNDLE_IDENTIFIER = "maas.global.whim-ios.WhimCoreExampleTests";
				PRODUCT_NAME = "$(TARGET_NAME)";
				SWIFT_EMIT_LOC_STRINGS = NO;
				SWIFT_VERSION = 5.0;
				TARGETED_DEVICE_FAMILY = "1,2";
				TEST_HOST = "$(BUILT_PRODUCTS_DIR)/WhimCoreExample.app/$(BUNDLE_EXECUTABLE_FOLDER_PATH)/WhimCoreExample";
			};
			name = Release;
		};
		E8D51560290AD71200A9729F /* Debug */ = {
			isa = XCBuildConfiguration;
			buildSettings = {
				ALWAYS_EMBED_SWIFT_STANDARD_LIBRARIES = YES;
				CODE_SIGN_STYLE = Automatic;
				CURRENT_PROJECT_VERSION = 1;
				DEVELOPMENT_TEAM = 7UZ338E9K2;
				GENERATE_INFOPLIST_FILE = YES;
				MARKETING_VERSION = 1.0;
				PRODUCT_BUNDLE_IDENTIFIER = "maas.global.whim-ios.WhimCoreExampleUITests";
				PRODUCT_NAME = "$(TARGET_NAME)";
				SWIFT_EMIT_LOC_STRINGS = NO;
				SWIFT_VERSION = 5.0;
				TARGETED_DEVICE_FAMILY = "1,2";
				TEST_TARGET_NAME = WhimCoreExample;
			};
			name = Debug;
		};
		E8D51561290AD71200A9729F /* Release */ = {
			isa = XCBuildConfiguration;
			buildSettings = {
				ALWAYS_EMBED_SWIFT_STANDARD_LIBRARIES = YES;
				CODE_SIGN_STYLE = Automatic;
				CURRENT_PROJECT_VERSION = 1;
				DEVELOPMENT_TEAM = 7UZ338E9K2;
				GENERATE_INFOPLIST_FILE = YES;
				MARKETING_VERSION = 1.0;
				PRODUCT_BUNDLE_IDENTIFIER = "maas.global.whim-ios.WhimCoreExampleUITests";
				PRODUCT_NAME = "$(TARGET_NAME)";
				SWIFT_EMIT_LOC_STRINGS = NO;
				SWIFT_VERSION = 5.0;
				TARGETED_DEVICE_FAMILY = "1,2";
				TEST_TARGET_NAME = WhimCoreExample;
			};
			name = Release;
		};
/* End XCBuildConfiguration section */

/* Begin XCConfigurationList section */
		E8D51530290AD71100A9729F /* Build configuration list for PBXProject "WhimCoreExample" */ = {
			isa = XCConfigurationList;
			buildConfigurations = (
				E8D51557290AD71200A9729F /* Debug */,
				E8D51558290AD71200A9729F /* Release */,
			);
			defaultConfigurationIsVisible = 0;
			defaultConfigurationName = Release;
		};
		E8D51559290AD71200A9729F /* Build configuration list for PBXNativeTarget "WhimCoreExample" */ = {
			isa = XCConfigurationList;
			buildConfigurations = (
				E8D5155A290AD71200A9729F /* Debug */,
				E8D5155B290AD71200A9729F /* Release */,
			);
			defaultConfigurationIsVisible = 0;
			defaultConfigurationName = Release;
		};
		E8D5155C290AD71200A9729F /* Build configuration list for PBXNativeTarget "WhimCoreExampleTests" */ = {
			isa = XCConfigurationList;
			buildConfigurations = (
				E8D5155D290AD71200A9729F /* Debug */,
				E8D5155E290AD71200A9729F /* Release */,
			);
			defaultConfigurationIsVisible = 0;
			defaultConfigurationName = Release;
		};
		E8D5155F290AD71200A9729F /* Build configuration list for PBXNativeTarget "WhimCoreExampleUITests" */ = {
			isa = XCConfigurationList;
			buildConfigurations = (
				E8D51560290AD71200A9729F /* Debug */,
				E8D51561290AD71200A9729F /* Release */,
			);
			defaultConfigurationIsVisible = 0;
			defaultConfigurationName = Release;
		};
/* End XCConfigurationList section */
	};
	rootObject = E8D5152D290AD71100A9729F /* Project object */;
}
